<?xml version="1.0" encoding="UTF-8" standalone="yes" ?>
<CodeBlocks_project_file>
	<FileVersion major="1" minor="6" />
	<Project>
		<Option title="Sana Soft" />
		<Option pch_mode="2" />
		<Option compiler="gcc" />
		<Build>
			<Target title="Debug">
				<Option output="bin/Debug/Sana Soft" prefix_auto="1" extension_auto="1" />
				<Option object_output="obj/Debug/" />
				<Option type="1" />
				<Option compiler="gcc" />
				<Compiler>
					<Add option="-g" />
					<Add directory="./" />
				</Compiler>
			</Target>
			<Target title="Release">
				<Option output="bin/Release/Sana Soft" prefix_auto="1" extension_auto="1" />
				<Option object_output="obj/Release/" />
				<Option type="1" />
				<Option compiler="gcc" />
				<Compiler>
					<Add option="-O2" />
					<Add directory="./" />
				</Compiler>
				<Linker>
					<Add option="-s" />
				</Linker>
			</Target>
		</Build>
		<Compiler>
			<Add option="-Wall" />
			<Add option="-fexceptions" />
		</Compiler>
		<Unit filename="Agenda.cpp" />
		<Unit filename="Agenda.h" />
		<Unit filename="ArchivoAgenda.cpp" />
		<Unit filename="ArchivoAgenda.h" />
		<Unit filename="ArchivoEspecialidad.cpp" />
		<Unit filename="ArchivoEspecialidad.h" />
		<Unit filename="ArchivoHistoriaClinica.cpp" />
		<Unit filename="ArchivoHistoriaClinica.h" />
		<Unit filename="ArchivoMedico.cpp" />
		<Unit filename="ArchivoMedico.h" />
		<Unit filename="ArchivoPaciente.cpp" />
		<Unit filename="ArchivoPaciente.h" />
		<Unit filename="ArchivoPersona.cpp" />
		<Unit filename="ArchivoPersona.h" />
		<Unit filename="ArchivoTurno.cpp" />
		<Unit filename="ArchivoTurno.h" />
		<Unit filename="Especialidad.cpp" />
		<Unit filename="Especialidad.h" />
		<Unit filename="Factura.cpp" />
		<Unit filename="Factura.h" />
		<Unit filename="Fecha.cpp" />
		<Unit filename="Fecha.h" />
		<Unit filename="Funciones.cpp" />
		<Unit filename="Funciones.h" />
		<Unit filename="HistoriaClinica.cpp" />
		<Unit filename="HistoriaClinica.h" />
		<Unit filename="Hora.cpp" />
		<Unit filename="Hora.h" />
		<Unit filename="Medico.cpp" />
		<Unit filename="Medico.h" />
		<Unit filename="MenuAgenda.cpp" />
		<Unit filename="MenuAgenda.h" />
		<Unit filename="MenuEspecialidad.cpp" />
		<Unit filename="MenuEspecialidad.h" />
		<Unit filename="MenuFacturacion.cpp" />
		<Unit filename="MenuFacturacion.h" />
		<Unit filename="MenuHistoriaClinica.cpp" />
		<Unit filename="MenuListados.cpp" />
		<Unit filename="MenuListados.h" />
		<Unit filename="MenuMedico.cpp" />
		<Unit filename="MenuMedico.h" />
		<Unit filename="MenuModificarEspecialidad.cpp" />
		<Unit filename="MenuModificarEspecialidad.h" />
		<Unit filename="MenuModificarHistoriaClinica.cpp" />
		<Unit filename="MenuModificarHistoriaClinica.h" />
		<Unit filename="MenuObraSocial.cpp" />
		<Unit filename="MenuObraSocial.h" />
		<Unit filename="MenuPaciente.cpp" />
		<Unit filename="MenuPaciente.h" />
		<Unit filename="MenuPrincipal.cpp" />
		<Unit filename="MenuPrincipal.h" />
		<Unit filename="MenuReportes.cpp" />
		<Unit filename="MenuReportes.h" />
		<Unit filename="MenuTurno.cpp" />
		<Unit filename="MenuTurno.h" />
		<Unit filename="ObraSocial.cpp" />
		<Unit filename="ObraSocial.h" />
		<Unit filename="Paciente.cpp" />
		<Unit filename="Paciente.h" />
		<Unit filename="Persona.cpp" />
		<Unit filename="Persona.h" />
		<Unit filename="Sana_Soft.cbp" />
		<Unit filename="Turno.cpp" />
		<Unit filename="Turno.h" />
		<Unit filename="historiaClinica.dat" />
		<Unit filename="main.cpp" />
		<Unit filename="medico.dat" />
		<Unit filename="menuHistoriaClinica.h" />
		<Unit filename="pacientes.dat" />
		<Unit filename="rlutil.h" />
		<Extensions>
			<lib_finder disable_auto="1" />
		</Extensions>
	</Project>
</CodeBlocks_project_file>
